
Microsoft Visual Studio Solution File, Format Version 12.00
# Visual Studio Version 16
VisualStudioVersion = 16.0.32929.386
MinimumVisualStudioVersion = 10.0.40219.1
Project("{FAE04EC0-301F-11D3-BF4B-00C04F79EFBC}") = "GraphClient", "GraphClient\GraphClient.csproj", "{80AD9F3F-33DD-4F3A-88C6-0C23C92CD812}"
EndProject
Global
	GlobalSection(SolutionConfigurationPlatforms) = preSolution
		Debug|Any CPU = Debug|Any CPU
		Release|Any CPU = Release|Any CPU
	EndGlobalSection
	GlobalSection(ProjectConfigurationPlatforms) = postSolution
		{80AD9F3F-33DD-4F3A-88C6-0C23C92CD812}.Debug|Any CPU.ActiveCfg = Debug|Any CPU
		{80AD9F3F-33DD-4F3A-88C6-0C23C92CD812}.Debug|Any CPU.Build.0 = Debug|Any CPU
		{80AD9F3F-33DD-4F3A-88C6-0C23C92CD812}.Release|Any CPU.ActiveCfg = Release|Any CPU
		{80AD9F3F-33DD-4F3A-88C6-0C23C92CD812}.Release|Any CPU.Build.0 = Release|Any CPU
	EndGlobalSection
	GlobalSection(SolutionProperties) = preSolution
		HideSolutionNode = FALSE
	EndGlobalSection
	GlobalSection(ExtensibilityGlobals) = postSolution
		SolutionGuid = {72FAAE29-A317-4426-AE28-79782E02A545}
	EndGlobalSection
EndGlobal
